
Microsoft Visual Studio Solution File, Format Version 12.00
# Visual Studio Version 17
VisualStudioVersion = 17.8.34330.188
MinimumVisualStudioVersion = 10.0.40219.1
Project("{FAE04EC0-301F-11D3-BF4B-00C04F79EFBC}") = "Shelf", "shelf\Shelf.csproj", "{E4969F43-7CDE-4D68-B59E-9F95F315BCA8}"
EndProject
Global
	GlobalSection(SolutionConfigurationPlatforms) = preSolution
		Debug|Any CPU = Debug|Any CPU
		Release|Any CPU = Release|Any CPU
	EndGlobalSection
	GlobalSection(ProjectConfigurationPlatforms) = postSolution
		{E4969F43-7CDE-4D68-B59E-9F95F315BCA8}.Debug|Any CPU.ActiveCfg = Debug|Any CPU
		{E4969F43-7CDE-4D68-B59E-9F95F315BCA8}.Debug|Any CPU.Build.0 = Debug|Any CPU
		{E4969F43-7CDE-4D68-B59E-9F95F315BCA8}.Release|Any CPU.ActiveCfg = Release|Any CPU
		{E4969F43-7CDE-4D68-B59E-9F95F315BCA8}.Release|Any CPU.Build.0 = Release|Any CPU
	EndGlobalSection
	GlobalSection(SolutionProperties) = preSolution
		HideSolutionNode = FALSE
	EndGlobalSection
	GlobalSection(ExtensibilityGlobals) = postSolution
		SolutionGuid = {006F804D-720E-47D1-A375-2C628E865B79}
	EndGlobalSection
EndGlobal
